// !$*UTF8*$!
{
	archiveVersion = 1;
	classes = {
	};
	objectVersion = 46;
	objects = {

/* Begin PBXBuildFile section */
		5AAFAB2F1F338521008DB9AB /* AppDelegate.swift in Sources */ = {isa = PBXBuildFile; fileRef = 5AAFAB2E1F338521008DB9AB /* AppDelegate.swift */; };
		5AAFAB311F338521008DB9AB /* ViewController.swift in Sources */ = {isa = PBXBuildFile; fileRef = 5AAFAB301F338521008DB9AB /* ViewController.swift */; };
		5AAFAB341F338521008DB9AB /* Main.storyboard in Resources */ = {isa = PBXBuildFile; fileRef = 5AAFAB321F338521008DB9AB /* Main.storyboard */; };
		5AAFAB361F338521008DB9AB /* Assets.xcassets in Resources */ = {isa = PBXBuildFile; fileRef = 5AAFAB351F338521008DB9AB /* Assets.xcassets */; };
		5AAFAB391F338521008DB9AB /* LaunchScreen.storyboard in Resources */ = {isa = PBXBuildFile; fileRef = 5AAFAB371F338521008DB9AB /* LaunchScreen.storyboard */; };
		5AAFAB421F338CDA008DB9AB /* BleHandler.swift in Sources */ = {isa = PBXBuildFile; fileRef = 5AAFAB411F338CDA008DB9AB /* BleHandler.swift */; };
		5AAFAB441F338D15008DB9AB /* HitagCharacteristics.swift in Sources */ = {isa = PBXBuildFile; fileRef = 5AAFAB431F338D15008DB9AB /* HitagCharacteristics.swift */; };
		5AAFAB461F3393BD008DB9AB /* BleFinder.swift in Sources */ = {isa = PBXBuildFile; fileRef = 5AAFAB451F3393BD008DB9AB /* BleFinder.swift */; };
		5AAFAB481F339414008DB9AB /* Utilities.swift in Sources */ = {isa = PBXBuildFile; fileRef = 5AAFAB471F339414008DB9AB /* Utilities.swift */; };
		5AAFAB4B1F33A81D008DB9AB /* HitagCellView.xib in Resources */ = {isa = PBXBuildFile; fileRef = 5AAFAB4A1F33A81D008DB9AB /* HitagCellView.xib */; };
		5AAFAB4D1F33B050008DB9AB /* HitagCellView.swift in Sources */ = {isa = PBXBuildFile; fileRef = 5AAFAB4C1F33B050008DB9AB /* HitagCellView.swift */; };
/* End PBXBuildFile section */

/* Begin PBXFileReference section */
		5AAFAB2B1F338521008DB9AB /* HitagPenetrator.app */ = {isa = PBXFileReference; explicitFileType = wrapper.application; includeInIndex = 0; path = HitagPenetrator.app; sourceTree = BUILT_PRODUCTS_DIR; };
		5AAFAB2E1F338521008DB9AB /* AppDelegate.swift */ = {isa = PBXFileReference; lastKnownFileType = sourcecode.swift; path = AppDelegate.swift; sourceTree = "<group>"; };
		5AAFAB301F338521008DB9AB /* ViewController.swift */ = {isa = PBXFileReference; lastKnownFileType = sourcecode.swift; path = ViewController.swift; sourceTree = "<group>"; };
		5AAFAB331F338521008DB9AB /* Base */ = {isa = PBXFileReference; lastKnownFileType = file.storyboard; name = Base; path = Base.lproj/Main.storyboard; sourceTree = "<group>"; };
		5AAFAB351F338521008DB9AB /* Assets.xcassets */ = {isa = PBXFileReference; lastKnownFileType = folder.assetcatalog; path = Assets.xcassets; sourceTree = "<group>"; };
		5AAFAB381F338521008DB9AB /* Base */ = {isa = PBXFileReference; lastKnownFileType = file.storyboard; name = Base; path = Base.lproj/LaunchScreen.storyboard; sourceTree = "<group>"; };
		5AAFAB3A1F338521008DB9AB /* Info.plist */ = {isa = PBXFileReference; lastKnownFileType = text.plist.xml; path = Info.plist; sourceTree = "<group>"; };
		5AAFAB411F338CDA008DB9AB /* BleHandler.swift */ = {isa = PBXFileReference; fileEncoding = 4; lastKnownFileType = sourcecode.swift; path = BleHandler.swift; sourceTree = "<group>"; };
		5AAFAB431F338D15008DB9AB /* HitagCharacteristics.swift */ = {isa = PBXFileReference; fileEncoding = 4; lastKnownFileType = sourcecode.swift; path = HitagCharacteristics.swift; sourceTree = "<group>"; };
		5AAFAB451F3393BD008DB9AB /* BleFinder.swift */ = {isa = PBXFileReference; fileEncoding = 4; lastKnownFileType = sourcecode.swift; path = BleFinder.swift; sourceTree = "<group>"; };
		5AAFAB471F339414008DB9AB /* Utilities.swift */ = {isa = PBXFileReference; fileEncoding = 4; lastKnownFileType = sourcecode.swift; path = Utilities.swift; sourceTree = "<group>"; };
		5AAFAB4A1F33A81D008DB9AB /* HitagCellView.xib */ = {isa = PBXFileReference; fileEncoding = 4; lastKnownFileType = file.xib; path = HitagCellView.xib; sourceTree = "<group>"; };
		5AAFAB4C1F33B050008DB9AB /* HitagCellView.swift */ = {isa = PBXFileReference; fileEncoding = 4; lastKnownFileType = sourcecode.swift; path = HitagCellView.swift; sourceTree = "<group>"; };
/* End PBXFileReference section */

/* Begin PBXFrameworksBuildPhase section */
		5AAFAB281F338521008DB9AB /* Frameworks */ = {
			isa = PBXFrameworksBuildPhase;
			buildActionMask = 2147483647;
			files = (
			);
			runOnlyForDeploymentPostprocessing = 0;
		};
/* End PBXFrameworksBuildPhase section */

/* Begin PBXGroup section */
		5AAFAB221F338521008DB9AB = {
			isa = PBXGroup;
			children = (
				5AAFAB2D1F338521008DB9AB /* HitagPenetrator */,
				5AAFAB2C1F338521008DB9AB /* Products */,
			);
			sourceTree = "<group>";
		};
		5AAFAB2C1F338521008DB9AB /* Products */ = {
			isa = PBXGroup;
			children = (
				5AAFAB2B1F338521008DB9AB /* HitagPenetrator.app */,
			);
			name = Products;
			sourceTree = "<group>";
		};
		5AAFAB2D1F338521008DB9AB /* HitagPenetrator */ = {
			isa = PBXGroup;
			children = (
				5AAFAB491F33A7FD008DB9AB /* HitagCellView */,
				5AAFAB401F338CC3008DB9AB /* BleHandler */,
				5AAFAB2E1F338521008DB9AB /* AppDelegate.swift */,
				5AAFAB301F338521008DB9AB /* ViewController.swift */,
				5AAFAB321F338521008DB9AB /* Main.storyboard */,
				5AAFAB351F338521008DB9AB /* Assets.xcassets */,
				5AAFAB371F338521008DB9AB /* LaunchScreen.storyboard */,
				5AAFAB3A1F338521008DB9AB /* Info.plist */,
			);
			path = HitagPenetrator;
			sourceTree = "<group>";
		};
		5AAFAB401F338CC3008DB9AB /* BleHandler */ = {
			isa = PBXGroup;
			children = (
				5AAFAB411F338CDA008DB9AB /* BleHandler.swift */,
				5AAFAB431F338D15008DB9AB /* HitagCharacteristics.swift */,
				5AAFAB451F3393BD008DB9AB /* BleFinder.swift */,
				5AAFAB471F339414008DB9AB /* Utilities.swift */,
			);
			name = BleHandler;
			sourceTree = "<group>";
		};
		5AAFAB491F33A7FD008DB9AB /* HitagCellView */ = {
			isa = PBXGroup;
			children = (
				5AAFAB4A1F33A81D008DB9AB /* HitagCellView.xib */,
				5AAFAB4C1F33B050008DB9AB /* HitagCellView.swift */,
			);
			name = HitagCellView;
			sourceTree = "<group>";
		};
/* End PBXGroup section */

/* Begin PBXNativeTarget section */
		5AAFAB2A1F338521008DB9AB /* HitagPenetrator */ = {
			isa = PBXNativeTarget;
			buildConfigurationList = 5AAFAB3D1F338521008DB9AB /* Build configuration list for PBXNativeTarget "HitagPenetrator" */;
			buildPhases = (
				5AAFAB271F338521008DB9AB /* Sources */,
				5AAFAB281F338521008DB9AB /* Frameworks */,
				5AAFAB291F338521008DB9AB /* Resources */,
			);
			buildRules = (
			);
			dependencies = (
			);
			name = HitagPenetrator;
			productName = HitagPenetrator;
			productReference = 5AAFAB2B1F338521008DB9AB /* HitagPenetrator.app */;
			productType = "com.apple.product-type.application";
		};
/* End PBXNativeTarget section */

/* Begin PBXProject section */
		5AAFAB231F338521008DB9AB /* Project object */ = {
			isa = PBXProject;
			attributes = {
				LastSwiftUpdateCheck = 0830;
				LastUpgradeCheck = 0830;
				ORGANIZATIONNAME = "The Digital Warehouse";
				TargetAttributes = {
					5AAFAB2A1F338521008DB9AB = {
						CreatedOnToolsVersion = 8.3;
						DevelopmentTeam = X4R5K8NKGR;
						ProvisioningStyle = Automatic;
					};
				};
			};
			buildConfigurationList = 5AAFAB261F338521008DB9AB /* Build configuration list for PBXProject "HitagPenetrator" */;
			compatibilityVersion = "Xcode 3.2";
			developmentRegion = English;
			hasScannedForEncodings = 0;
			knownRegions = (
				en,
				Base,
			);
			mainGroup = 5AAFAB221F338521008DB9AB;
			productRefGroup = 5AAFAB2C1F338521008DB9AB /* Products */;
			projectDirPath = "";
			projectRoot = "";
			targets = (
				5AAFAB2A1F338521008DB9AB /* HitagPenetrator */,
			);
		};
/* End PBXProject section */

/* Begin PBXResourcesBuildPhase section */
		5AAFAB291F338521008DB9AB /* Resources */ = {
			isa = PBXResourcesBuildPhase;
			buildActionMask = 2147483647;
			files = (
				5AAFAB391F338521008DB9AB /* LaunchScreen.storyboard in Resources */,
				5AAFAB361F338521008DB9AB /* Assets.xcassets in Resources */,
				5AAFAB4B1F33A81D008DB9AB /* HitagCellView.xib in Resources */,
				5AAFAB341F338521008DB9AB /* Main.storyboard in Resources */,
			);
			runOnlyForDeploymentPostprocessing = 0;
		};
/* End PBXResourcesBuildPhase section */

/* Begin PBXSourcesBuildPhase section */
		5AAFAB271F338521008DB9AB /* Sources */ = {
			isa = PBXSourcesBuildPhase;
			buildActionMask = 2147483647;
			files = (
				5AAFAB4D1F33B050008DB9AB /* HitagCellView.swift in Sources */,
				5AAFAB481F339414008DB9AB /* Utilities.swift in Sources */,
				5AAFAB461F3393BD008DB9AB /* BleFinder.swift in Sources */,
				5AAFAB311F338521008DB9AB /* ViewController.swift in Sources */,
				5AAFAB421F338CDA008DB9AB /* BleHandler.swift in Sources */,
				5AAFAB441F338D15008DB9AB /* HitagCharacteristics.swift in Sources */,
				5AAFAB2F1F338521008DB9AB /* AppDelegate.swift in Sources */,
			);
			runOnlyForDeploymentPostprocessing = 0;
		};
/* End PBXSourcesBuildPhase section */

/* Begin PBXVariantGroup section */
		5AAFAB321F338521008DB9AB /* Main.storyboard */ = {
			isa = PBXVariantGroup;
			children = (
				5AAFAB331F338521008DB9AB /* Base */,
			);
			name = Main.storyboard;
			sourceTree = "<group>";
		};
		5AAFAB371F338521008DB9AB /* LaunchScreen.storyboard */ = {
			isa = PBXVariantGroup;
			children = (
				5AAFAB381F338521008DB9AB /* Base */,
			);
			name = LaunchScreen.storyboard;
			sourceTree = "<group>";
		};
/* End PBXVariantGroup section */

/* Begin XCBuildConfiguration section */
		5AAFAB3B1F338521008DB9AB /* Debug */ = {
			isa = XCBuildConfiguration;
			buildSettings = {
				ALWAYS_SEARCH_USER_PATHS = NO;
				CLANG_ANALYZER_NONNULL = YES;
				CLANG_ANALYZER_NUMBER_OBJECT_CONVERSION = YES_AGGRESSIVE;
				CLANG_CXX_LANGUAGE_STANDARD = "gnu++0x";
				CLANG_CXX_LIBRARY = "libc++";
				CLANG_ENABLE_MODULES = YES;
				CLANG_ENABLE_OBJC_ARC = YES;
				CLANG_WARN_BOOL_CONVERSION = YES;
				CLANG_WARN_CONSTANT_CONVERSION = YES;
				CLANG_WARN_DIRECT_OBJC_ISA_USAGE = YES_ERROR;
				CLANG_WARN_DOCUMENTATION_COMMENTS = YES;
				CLANG_WARN_EMPTY_BODY = YES;
				CLANG_WARN_ENUM_CONVERSION = YES;
				CLANG_WARN_INFINITE_RECURSION = YES;
				CLANG_WARN_INT_CONVERSION = YES;
				CLANG_WARN_OBJC_ROOT_CLASS = YES_ERROR;
				CLANG_WARN_SUSPICIOUS_MOVE = YES;
				CLANG_WARN_UNREACHABLE_CODE = YES;
				CLANG_WARN__DUPLICATE_METHOD_MATCH = YES;
				"CODE_SIGN_IDENTITY[sdk=iphoneos*]" = "iPhone Developer";
				COPY_PHASE_STRIP = NO;
				DEBUG_INFORMATION_FORMAT = dwarf;
				ENABLE_STRICT_OBJC_MSGSEND = YES;
				ENABLE_TESTABILITY = YES;
				GCC_C_LANGUAGE_STANDARD = gnu99;
				GCC_DYNAMIC_NO_PIC = NO;
				GCC_NO_COMMON_BLOCKS = YES;
				GCC_OPTIMIZATION_LEVEL = 0;
				GCC_PREPROCESSOR_DEFINITIONS = (
					"DEBUG=1",
					"$(inherited)",
				);
				GCC_WARN_64_TO_32_BIT_CONVERSION = YES;
				GCC_WARN_ABOUT_RETURN_TYPE = YES_ERROR;
				GCC_WARN_UNDECLARED_SELECTOR = YES;
				GCC_WARN_UNINITIALIZED_AUTOS = YES_AGGRESSIVE;
				GCC_WARN_UNUSED_FUNCTION = YES;
				GCC_WARN_UNUSED_VARIABLE = YES;
				IPHONEOS_DEPLOYMENT_TARGET = 10.3;
				MTL_ENABLE_DEBUG_INFO = YES;
				ONLY_ACTIVE_ARCH = YES;
				SDKROOT = iphoneos;
				SWIFT_ACTIVE_COMPILATION_CONDITIONS = DEBUG;
				SWIFT_OPTIMIZATION_LEVEL = "-Onone";
			};
			name = Debug;
		};
		5AAFAB3C1F338521008DB9AB /* Release */ = {
			isa = XCBuildConfiguration;
			buildSettings = {
				ALWAYS_SEARCH_USER_PATHS = NO;
				CLANG_ANALYZER_NONNULL = YES;
				CLANG_ANALYZER_NUMBER_OBJECT_CONVERSION = YES_AGGRESSIVE;
				CLANG_CXX_LANGUAGE_STANDARD = "gnu++0x";
				CLANG_CXX_LIBRARY = "libc++";
				CLANG_ENABLE_MODULES = YES;
				CLANG_ENABLE_OBJC_ARC = YES;
				CLANG_WARN_BOOL_CONVERSION = YES;
				CLANG_WARN_CONSTANT_CONVERSION = YES;
				CLANG_WARN_DIRECT_OBJC_ISA_USAGE = YES_ERROR;
				CLANG_WARN_DOCUMENTATION_COMMENTS = YES;
				CLANG_WARN_EMPTY_BODY = YES;
				CLANG_WARN_ENUM_CONVERSION = YES;
				CLANG_WARN_INFINITE_RECURSION = YES;
				CLANG_WARN_INT_CONVERSION = YES;
				CLANG_WARN_OBJC_ROOT_CLASS = YES_ERROR;
				CLANG_WARN_SUSPICIOUS_MOVE = YES;
				CLANG_WARN_UNREACHABLE_CODE = YES;
				CLANG_WARN__DUPLICATE_METHOD_MATCH = YES;
				"CODE_SIGN_IDENTITY[sdk=iphoneos*]" = "iPhone Developer";
				COPY_PHASE_STRIP = NO;
				DEBUG_INFORMATION_FORMAT = "dwarf-with-dsym";
				ENABLE_NS_ASSERTIONS = NO;
				ENABLE_STRICT_OBJC_MSGSEND = YES;
				GCC_C_LANGUAGE_STANDARD = gnu99;
				GCC_NO_COMMON_BLOCKS = YES;
				GCC_WARN_64_TO_32_BIT_CONVERSION = YES;
				GCC_WARN_ABOUT_RETURN_TYPE = YES_ERROR;
				GCC_WARN_UNDECLARED_SELECTOR = YES;
				GCC_WARN_UNINITIALIZED_AUTOS = YES_AGGRESSIVE;
				GCC_WARN_UNUSED_FUNCTION = YES;
				GCC_WARN_UNUSED_VARIABLE = YES;
				IPHONEOS_DEPLOYMENT_TARGET = 10.3;
				MTL_ENABLE_DEBUG_INFO = NO;
				SDKROOT = iphoneos;
				SWIFT_OPTIMIZATION_LEVEL = "-Owholemodule";
				VALIDATE_PRODUCT = YES;
			};
			name = Release;
		};
		5AAFAB3E1F338521008DB9AB /* Debug */ = {
			isa = XCBuildConfiguration;
			buildSettings = {
				ASSETCATALOG_COMPILER_APPICON_NAME = AppIcon;
				DEVELOPMENT_TEAM = X4R5K8NKGR;
				INFOPLIST_FILE = HitagPenetrator/Info.plist;
				LD_RUNPATH_SEARCH_PATHS = "$(inherited) @executable_path/Frameworks";
				PRODUCT_BUNDLE_IDENTIFIER = co.buybuddy.hitagpenetrator;
				PRODUCT_NAME = "$(TARGET_NAME)";
				SWIFT_VERSION = 3.0;
			};
			name = Debug;
		};
		5AAFAB3F1F338521008DB9AB /* Release */ = {
			isa = XCBuildConfiguration;
			buildSettings = {
				ASSETCATALOG_COMPILER_APPICON_NAME = AppIcon;
				DEVELOPMENT_TEAM = X4R5K8NKGR;
				INFOPLIST_FILE = HitagPenetrator/Info.plist;
				LD_RUNPATH_SEARCH_PATHS = "$(inherited) @executable_path/Frameworks";
				PRODUCT_BUNDLE_IDENTIFIER = co.buybuddy.hitagpenetrator;
				PRODUCT_NAME = "$(TARGET_NAME)";
				SWIFT_VERSION = 3.0;
			};
			name = Release;
		};
/* End XCBuildConfiguration section */

/* Begin XCConfigurationList section */
		5AAFAB261F338521008DB9AB /* Build configuration list for PBXProject "HitagPenetrator" */ = {
			isa = XCConfigurationList;
			buildConfigurations = (
				5AAFAB3B1F338521008DB9AB /* Debug */,
				5AAFAB3C1F338521008DB9AB /* Release */,
			);
			defaultConfigurationIsVisible = 0;
			defaultConfigurationName = Release;
		};
		5AAFAB3D1F338521008DB9AB /* Build configuration list for PBXNativeTarget "HitagPenetrator" */ = {
			isa = XCConfigurationList;
			buildConfigurations = (
				5AAFAB3E1F338521008DB9AB /* Debug */,
				5AAFAB3F1F338521008DB9AB /* Release */,
			);
			defaultConfigurationIsVisible = 0;
		};
/* End XCConfigurationList section */
	};
	rootObject = 5AAFAB231F338521008DB9AB /* Project object */;
}
